
Microsoft Visual Studio Solution File, Format Version 12.00
# Visual Studio Version 17
VisualStudioVersion = 17.9.34622.214
MinimumVisualStudioVersion = 10.0.40219.1
Project("{FAE04EC0-301F-11D3-BF4B-00C04F79EFBC}") = "P2DEngine", "P2DEngine.csproj", "{A73324BD-FA6D-4F7F-B13F-AE05A50F95CC}"
EndProject
Global
	GlobalSection(SolutionConfigurationPlatforms) = preSolution
		Debug|Any CPU = Debug|Any CPU
		Release|Any CPU = Release|Any CPU
	EndGlobalSection
	GlobalSection(ProjectConfigurationPlatforms) = postSolution
		{A73324BD-FA6D-4F7F-B13F-AE05A50F95CC}.Debug|Any CPU.ActiveCfg = Debug|Any CPU
		{A73324BD-FA6D-4F7F-B13F-AE05A50F95CC}.Debug|Any CPU.Build.0 = Debug|Any CPU
		{A73324BD-FA6D-4F7F-B13F-AE05A50F95CC}.Release|Any CPU.ActiveCfg = Release|Any CPU
		{A73324BD-FA6D-4F7F-B13F-AE05A50F95CC}.Release|Any CPU.Build.0 = Release|Any CPU
	EndGlobalSection
	GlobalSection(SolutionProperties) = preSolution
		HideSolutionNode = FALSE
	EndGlobalSection
	GlobalSection(ExtensibilityGlobals) = postSolution
		SolutionGuid = {7A3562E9-ADFC-4428-9DE1-77BE3E5327D8}
	EndGlobalSection
EndGlobal
